{
  "name": "@stxapp/stx-api-examples",
  "version": "1.0.0",
  "lockfileVersion": 3,
  "requires": true,
  "packages": {
    "": {
      "name": "@stxapp/stx-api-examples",
      "version": "1.0.0",
      "dependencies": {
        "phoenix": "1.8.13",
        "ws": "8.21.3"
      },
      "engines": {
        "node": ">=20"
      }
    },
    "node_modules/phoenix": {
      "version": "1.8.13",
      "resolved": "https://registry.npmjs.org/phoenix/-/phoenix-1.8.13.tgz",
      "integrity": "sha512-5UByH7ejdsPLd6eihwzV3L3i6YX4mHUtFjLaE8S1YuA+3aBj37rzH6KDjxBuPlB04o9ZHVz+PKRiUg3aYYvzmQ==",
      "license": "MIT"
    },
    "node_modules/ws": {
      "version": "8.21.3",
      "resolved": "https://registry.npmjs.org/ws/-/ws-8.21.3.tgz",
      "integrity": "sha512-201TZ/kPWxoPr/OKWjquZR1SWKXcvxdH+e1xrx89b3YbmzLMFCLfnaG1HFIgWzJOEWZ7MvpK++odZufgYR50Rw==",
      "license": "MIT",
      "engines": {
        "node": ">=10.0.0"
      },
      "peerDependencies": {
        "bufferutil": "^4.0.1",
        "utf-8-validate": ">=5.0.2"
      },
      "peerDependenciesMeta": {
        "bufferutil": {
          "optional": true
        },
        "utf-8-validate": {
          "optional": true
        }
      }
    }
  }
}
